// !$*UTF8*$!
{
	archiveVersion = 1;
	classes = {
	};
	objectVersion = 50;
	objects = {

/* Begin PBXBuildFile section */
		14A716D1211EEEA3009449ED /* AppDelegate.swift in Sources */ = {isa = PBXBuildFile; fileRef = 14A716D0211EEEA3009449ED /* AppDelegate.swift */; };
		14A716D3211EEEA3009449ED /* ViewController.swift in Sources */ = {isa = PBXBuildFile; fileRef = 14A716D2211EEEA3009449ED /* ViewController.swift */; };
		14A716D6211EEEA4009449ED /* Main.storyboard in Resources */ = {isa = PBXBuildFile; fileRef = 14A716D4211EEEA4009449ED /* Main.storyboard */; };
		14A716D8211EEEB0009449ED /* Assets.xcassets in Resources */ = {isa = PBXBuildFile; fileRef = 14A716D7211EEEB0009449ED /* Assets.xcassets */; };
		14A716DB211EEEB0009449ED /* LaunchScreen.storyboard in Resources */ = {isa = PBXBuildFile; fileRef = 14A716D9211EEEB0009449ED /* LaunchScreen.storyboard */; };
		14A716E3211F090B009449ED /* RxCocoa.framework in Frameworks */ = {isa = PBXBuildFile; fileRef = 14A716E2211F090B009449ED /* RxCocoa.framework */; };
		14A716E5211F090B009449ED /* RxSwift.framework in Frameworks */ = {isa = PBXBuildFile; fileRef = 14A716E4211F090B009449ED /* RxSwift.framework */; };
		ABBF288DBD4F23C80B092A65 /* Pods_RXSwiftPlayground.framework in Frameworks */ = {isa = PBXBuildFile; fileRef = 6186E3617639C440430CD203 /* Pods_RXSwiftPlayground.framework */; };
/* End PBXBuildFile section */

/* Begin PBXFileReference section */
		14A716CD211EEEA3009449ED /* RXSwiftPlayground.app */ = {isa = PBXFileReference; explicitFileType = wrapper.application; includeInIndex = 0; path = RXSwiftPlayground.app; sourceTree = BUILT_PRODUCTS_DIR; };
		14A716D0211EEEA3009449ED /* AppDelegate.swift */ = {isa = PBXFileReference; lastKnownFileType = sourcecode.swift; path = AppDelegate.swift; sourceTree = "<group>"; };
		14A716D2211EEEA3009449ED /* ViewController.swift */ = {isa = PBXFileReference; lastKnownFileType = sourcecode.swift; path = ViewController.swift; sourceTree = "<group>"; };
		14A716D5211EEEA4009449ED /* Base */ = {isa = PBXFileReference; lastKnownFileType = file.storyboard; name = Base; path = Base.lproj/Main.storyboard; sourceTree = "<group>"; };
		14A716D7211EEEB0009449ED /* Assets.xcassets */ = {isa = PBXFileReference; lastKnownFileType = folder.assetcatalog; path = Assets.xcassets; sourceTree = "<group>"; };
		14A716DA211EEEB0009449ED /* Base */ = {isa = PBXFileReference; lastKnownFileType = file.storyboard; name = Base; path = Base.lproj/LaunchScreen.storyboard; sourceTree = "<group>"; };
		14A716DC211EEEB0009449ED /* Info.plist */ = {isa = PBXFileReference; lastKnownFileType = text.plist.xml; path = Info.plist; sourceTree = "<group>"; };
		14A716E2211F090B009449ED /* RxCocoa.framework */ = {isa = PBXFileReference; explicitFileType = wrapper.framework; path = RxCocoa.framework; sourceTree = BUILT_PRODUCTS_DIR; };
		14A716E4211F090B009449ED /* RxSwift.framework */ = {isa = PBXFileReference; explicitFileType = wrapper.framework; path = RxSwift.framework; sourceTree = BUILT_PRODUCTS_DIR; };
		445BE722B7FB414479925EEB /* Pods-RXSwiftPlayground.release.xcconfig */ = {isa = PBXFileReference; includeInIndex = 1; lastKnownFileType = text.xcconfig; name = "Pods-RXSwiftPlayground.release.xcconfig"; path = "Pods/Target Support Files/Pods-RXSwiftPlayground/Pods-RXSwiftPlayground.release.xcconfig"; sourceTree = "<group>"; };
		6186E3617639C440430CD203 /* Pods_RXSwiftPlayground.framework */ = {isa = PBXFileReference; explicitFileType = wrapper.framework; includeInIndex = 0; path = Pods_RXSwiftPlayground.framework; sourceTree = BUILT_PRODUCTS_DIR; };
		8C0F7140FBA324A8670A7E66 /* Pods-RXSwiftPlayground.debug.xcconfig */ = {isa = PBXFileReference; includeInIndex = 1; lastKnownFileType = text.xcconfig; name = "Pods-RXSwiftPlayground.debug.xcconfig"; path = "Pods/Target Support Files/Pods-RXSwiftPlayground/Pods-RXSwiftPlayground.debug.xcconfig"; sourceTree = "<group>"; };
/* End PBXFileReference section */

/* Begin PBXFrameworksBuildPhase section */
		14A716CA211EEEA3009449ED /* Frameworks */ = {
			isa = PBXFrameworksBuildPhase;
			buildActionMask = 2147483647;
			files = (
				14A716E3211F090B009449ED /* RxCocoa.framework in Frameworks */,
				14A716E5211F090B009449ED /* RxSwift.framework in Frameworks */,
				ABBF288DBD4F23C80B092A65 /* Pods_RXSwiftPlayground.framework in Frameworks */,
			);
			runOnlyForDeploymentPostprocessing = 0;
		};
/* End PBXFrameworksBuildPhase section */

/* Begin PBXGroup section */
		14A716C4211EEEA3009449ED = {
			isa = PBXGroup;
			children = (
				14A716CF211EEEA3009449ED /* RXSwiftPlayground */,
				14A716CE211EEEA3009449ED /* Products */,
				7E35532A86B614202EBE6214 /* Pods */,
				2A68763A308D874278473A3B /* Frameworks */,
			);
			sourceTree = "<group>";
		};
		14A716CE211EEEA3009449ED /* Products */ = {
			isa = PBXGroup;
			children = (
				14A716CD211EEEA3009449ED /* RXSwiftPlayground.app */,
			);
			name = Products;
			sourceTree = "<group>";
		};
		14A716CF211EEEA3009449ED /* RXSwiftPlayground */ = {
			isa = PBXGroup;
			children = (
				14A716D0211EEEA3009449ED /* AppDelegate.swift */,
				14A716D2211EEEA3009449ED /* ViewController.swift */,
				14A716D4211EEEA4009449ED /* Main.storyboard */,
				14A716D7211EEEB0009449ED /* Assets.xcassets */,
				14A716D9211EEEB0009449ED /* LaunchScreen.storyboard */,
				14A716DC211EEEB0009449ED /* Info.plist */,
			);
			path = RXSwiftPlayground;
			sourceTree = "<group>";
		};
		2A68763A308D874278473A3B /* Frameworks */ = {
			isa = PBXGroup;
			children = (
				14A716E2211F090B009449ED /* RxCocoa.framework */,
				14A716E4211F090B009449ED /* RxSwift.framework */,
				6186E3617639C440430CD203 /* Pods_RXSwiftPlayground.framework */,
			);
			name = Frameworks;
			sourceTree = "<group>";
		};
		7E35532A86B614202EBE6214 /* Pods */ = {
			isa = PBXGroup;
			children = (
				8C0F7140FBA324A8670A7E66 /* Pods-RXSwiftPlayground.debug.xcconfig */,
				445BE722B7FB414479925EEB /* Pods-RXSwiftPlayground.release.xcconfig */,
			);
			name = Pods;
			sourceTree = "<group>";
		};
/* End PBXGroup section */

/* Begin PBXNativeTarget section */
		14A716CC211EEEA3009449ED /* RXSwiftPlayground */ = {
			isa = PBXNativeTarget;
			buildConfigurationList = 14A716DF211EEEB0009449ED /* Build configuration list for PBXNativeTarget "RXSwiftPlayground" */;
			buildPhases = (
				6BF0DD173340DFB0E3677C57 /* [CP] Check Pods Manifest.lock */,
				14A716C9211EEEA3009449ED /* Sources */,
				14A716CA211EEEA3009449ED /* Frameworks */,
				14A716CB211EEEA3009449ED /* Resources */,
				450C177765FEF022B2AF191D /* [CP] Embed Pods Frameworks */,
			);
			buildRules = (
			);
			dependencies = (
			);
			name = RXSwiftPlayground;
			productName = RXSwiftPlayground;
			productReference = 14A716CD211EEEA3009449ED /* RXSwiftPlayground.app */;
			productType = "com.apple.product-type.application";
		};
/* End PBXNativeTarget section */

/* Begin PBXProject section */
		14A716C5211EEEA3009449ED /* Project object */ = {
			isa = PBXProject;
			attributes = {
				LastSwiftUpdateCheck = 0930;
				LastUpgradeCheck = 0930;
				ORGANIZATIONNAME = Venkatesh;
				TargetAttributes = {
					14A716CC211EEEA3009449ED = {
						CreatedOnToolsVersion = 9.3.1;
					};
				};
			};
			buildConfigurationList = 14A716C8211EEEA3009449ED /* Build configuration list for PBXProject "RXSwiftPlayground" */;
			compatibilityVersion = "Xcode 9.3";
			developmentRegion = en;
			hasScannedForEncodings = 0;
			knownRegions = (
				en,
				Base,
			);
			mainGroup = 14A716C4211EEEA3009449ED;
			productRefGroup = 14A716CE211EEEA3009449ED /* Products */;
			projectDirPath = "";
			projectRoot = "";
			targets = (
				14A716CC211EEEA3009449ED /* RXSwiftPlayground */,
			);
		};
/* End PBXProject section */

/* Begin PBXResourcesBuildPhase section */
		14A716CB211EEEA3009449ED /* Resources */ = {
			isa = PBXResourcesBuildPhase;
			buildActionMask = 2147483647;
			files = (
				14A716DB211EEEB0009449ED /* LaunchScreen.storyboard in Resources */,
				14A716D8211EEEB0009449ED /* Assets.xcassets in Resources */,
				14A716D6211EEEA4009449ED /* Main.storyboard in Resources */,
			);
			runOnlyForDeploymentPostprocessing = 0;
		};
/* End PBXResourcesBuildPhase section */

/* Begin PBXShellScriptBuildPhase section */
		450C177765FEF022B2AF191D /* [CP] Embed Pods Frameworks */ = {
			isa = PBXShellScriptBuildPhase;
			buildActionMask = 2147483647;
			files = (
			);
			inputPaths = (
				"${SRCROOT}/Pods/Target Support Files/Pods-RXSwiftPlayground/Pods-RXSwiftPlayground-frameworks.sh",
				"${BUILT_PRODUCTS_DIR}/RxCocoa/RxCocoa.framework",
				"${BUILT_PRODUCTS_DIR}/RxSwift/RxSwift.framework",
			);
			name = "[CP] Embed Pods Frameworks";
			outputPaths = (
				"${TARGET_BUILD_DIR}/${FRAMEWORKS_FOLDER_PATH}/RxCocoa.framework",
				"${TARGET_BUILD_DIR}/${FRAMEWORKS_FOLDER_PATH}/RxSwift.framework",
			);
			runOnlyForDeploymentPostprocessing = 0;
			shellPath = /bin/sh;
			shellScript = "\"${SRCROOT}/Pods/Target Support Files/Pods-RXSwiftPlayground/Pods-RXSwiftPlayground-frameworks.sh\"\n";
			showEnvVarsInLog = 0;
		};
		6BF0DD173340DFB0E3677C57 /* [CP] Check Pods Manifest.lock */ = {
			isa = PBXShellScriptBuildPhase;
			buildActionMask = 2147483647;
			files = (
			);
			inputPaths = (
				"${PODS_PODFILE_DIR_PATH}/Podfile.lock",
				"${PODS_ROOT}/Manifest.lock",
			);
			name = "[CP] Check Pods Manifest.lock";
			outputPaths = (
				"$(DERIVED_FILE_DIR)/Pods-RXSwiftPlayground-checkManifestLockResult.txt",
			);
			runOnlyForDeploymentPostprocessing = 0;
			shellPath = /bin/sh;
			shellScript = "diff \"${PODS_PODFILE_DIR_PATH}/Podfile.lock\" \"${PODS_ROOT}/Manifest.lock\" > /dev/null\nif [ $? != 0 ] ; then\n    # print error to STDERR\n    echo \"error: The sandbox is not in sync with the Podfile.lock. Run 'pod install' or update your CocoaPods installation.\" >&2\n    exit 1\nfi\n# This output is used by Xcode 'outputs' to avoid re-running this script phase.\necho \"SUCCESS\" > \"${SCRIPT_OUTPUT_FILE_0}\"\n";
			showEnvVarsInLog = 0;
		};
/* End PBXShellScriptBuildPhase section */

/* Begin PBXSourcesBuildPhase section */
		14A716C9211EEEA3009449ED /* Sources */ = {
			isa = PBXSourcesBuildPhase;
			buildActionMask = 2147483647;
			files = (
				14A716D3211EEEA3009449ED /* ViewController.swift in Sources */,
				14A716D1211EEEA3009449ED /* AppDelegate.swift in Sources */,
			);
			runOnlyForDeploymentPostprocessing = 0;
		};
/* End PBXSourcesBuildPhase section */

/* Begin PBXVariantGroup section */
		14A716D4211EEEA4009449ED /* Main.storyboard */ = {
			isa = PBXVariantGroup;
			children = (
				14A716D5211EEEA4009449ED /* Base */,
			);
			name = Main.storyboard;
			sourceTree = "<group>";
		};
		14A716D9211EEEB0009449ED /* LaunchScreen.storyboard */ = {
			isa = PBXVariantGroup;
			children = (
				14A716DA211EEEB0009449ED /* Base */,
			);
			name = LaunchScreen.storyboard;
			sourceTree = "<group>";
		};
/* End PBXVariantGroup section */

/* Begin XCBuildConfiguration section */
		14A716DD211EEEB0009449ED /* Debug */ = {
			isa = XCBuildConfiguration;
			buildSettings = {
				ALWAYS_SEARCH_USER_PATHS = NO;
				CLANG_ANALYZER_NONNULL = YES;
				CLANG_ANALYZER_NUMBER_OBJECT_CONVERSION = YES_AGGRESSIVE;
				CLANG_CXX_LANGUAGE_STANDARD = "gnu++14";
				CLANG_CXX_LIBRARY = "libc++";
				CLANG_ENABLE_MODULES = YES;
				CLANG_ENABLE_OBJC_ARC = YES;
				CLANG_ENABLE_OBJC_WEAK = YES;
				CLANG_WARN_BLOCK_CAPTURE_AUTORELEASING = YES;
				CLANG_WARN_BOOL_CONVERSION = YES;
				CLANG_WARN_COMMA = YES;
				CLANG_WARN_CONSTANT_CONVERSION = YES;
				CLANG_WARN_DEPRECATED_OBJC_IMPLEMENTATIONS = YES;
				CLANG_WARN_DIRECT_OBJC_ISA_USAGE = YES_ERROR;
				CLANG_WARN_DOCUMENTATION_COMMENTS = YES;
				CLANG_WARN_EMPTY_BODY = YES;
				CLANG_WARN_ENUM_CONVERSION = YES;
				CLANG_WARN_INFINITE_RECURSION = YES;
				CLANG_WARN_INT_CONVERSION = YES;
				CLANG_WARN_NON_LITERAL_NULL_CONVERSION = YES;
				CLANG_WARN_OBJC_IMPLICIT_RETAIN_SELF = YES;
				CLANG_WARN_OBJC_LITERAL_CONVERSION = YES;
				CLANG_WARN_OBJC_ROOT_CLASS = YES_ERROR;
				CLANG_WARN_RANGE_LOOP_ANALYSIS = YES;
				CLANG_WARN_STRICT_PROTOTYPES = YES;
				CLANG_WARN_SUSPICIOUS_MOVE = YES;
				CLANG_WARN_UNGUARDED_AVAILABILITY = YES_AGGRESSIVE;
				CLANG_WARN_UNREACHABLE_CODE = YES;
				CLANG_WARN__DUPLICATE_METHOD_MATCH = YES;
				CODE_SIGN_IDENTITY = "iPhone Developer";
				COPY_PHASE_STRIP = NO;
				DEBUG_INFORMATION_FORMAT = dwarf;
				ENABLE_STRICT_OBJC_MSGSEND = YES;
				ENABLE_TESTABILITY = YES;
				GCC_C_LANGUAGE_STANDARD = gnu11;
				GCC_DYNAMIC_NO_PIC = NO;
				GCC_NO_COMMON_BLOCKS = YES;
				GCC_OPTIMIZATION_LEVEL = 0;
				GCC_PREPROCESSOR_DEFINITIONS = (
					"DEBUG=1",
					"$(inherited)",
				);
				GCC_WARN_64_TO_32_BIT_CONVERSION = YES;
				GCC_WARN_ABOUT_RETURN_TYPE = YES_ERROR;
				GCC_WARN_UNDECLARED_SELECTOR = YES;
				GCC_WARN_UNINITIALIZED_AUTOS = YES_AGGRESSIVE;
				GCC_WARN_UNUSED_FUNCTION = YES;
				GCC_WARN_UNUSED_VARIABLE = YES;
				IPHONEOS_DEPLOYMENT_TARGET = 11.3;
				MTL_ENABLE_DEBUG_INFO = YES;
				ONLY_ACTIVE_ARCH = YES;
				SDKROOT = iphoneos;
				SWIFT_ACTIVE_COMPILATION_CONDITIONS = DEBUG;
				SWIFT_OPTIMIZATION_LEVEL = "-Onone";
			};
			name = Debug;
		};
		14A716DE211EEEB0009449ED /* Release */ = {
			isa = XCBuildConfiguration;
			buildSettings = {
				ALWAYS_SEARCH_USER_PATHS = NO;
				CLANG_ANALYZER_NONNULL = YES;
				CLANG_ANALYZER_NUMBER_OBJECT_CONVERSION = YES_AGGRESSIVE;
				CLANG_CXX_LANGUAGE_STANDARD = "gnu++14";
				CLANG_CXX_LIBRARY = "libc++";
				CLANG_ENABLE_MODULES = YES;
				CLANG_ENABLE_OBJC_ARC = YES;
				CLANG_ENABLE_OBJC_WEAK = YES;
				CLANG_WARN_BLOCK_CAPTURE_AUTORELEASING = YES;
				CLANG_WARN_BOOL_CONVERSION = YES;
				CLANG_WARN_COMMA = YES;
				CLANG_WARN_CONSTANT_CONVERSION = YES;
				CLANG_WARN_DEPRECATED_OBJC_IMPLEMENTATIONS = YES;
				CLANG_WARN_DIRECT_OBJC_ISA_USAGE = YES_ERROR;
				CLANG_WARN_DOCUMENTATION_COMMENTS = YES;
				CLANG_WARN_EMPTY_BODY = YES;
				CLANG_WARN_ENUM_CONVERSION = YES;
				CLANG_WARN_INFINITE_RECURSION = YES;
				CLANG_WARN_INT_CONVERSION = YES;
				CLANG_WARN_NON_LITERAL_NULL_CONVERSION = YES;
				CLANG_WARN_OBJC_IMPLICIT_RETAIN_SELF = YES;
				CLANG_WARN_OBJC_LITERAL_CONVERSION = YES;
				CLANG_WARN_OBJC_ROOT_CLASS = YES_ERROR;
				CLANG_WARN_RANGE_LOOP_ANALYSIS = YES;
				CLANG_WARN_STRICT_PROTOTYPES = YES;
				CLANG_WARN_SUSPICIOUS_MOVE = YES;
				CLANG_WARN_UNGUARDED_AVAILABILITY = YES_AGGRESSIVE;
				CLANG_WARN_UNREACHABLE_CODE = YES;
				CLANG_WARN__DUPLICATE_METHOD_MATCH = YES;
				CODE_SIGN_IDENTITY = "iPhone Developer";
				COPY_PHASE_STRIP = NO;
				DEBUG_INFORMATION_FORMAT = "dwarf-with-dsym";
				ENABLE_NS_ASSERTIONS = NO;
				ENABLE_STRICT_OBJC_MSGSEND = YES;
				GCC_C_LANGUAGE_STANDARD = gnu11;
				GCC_NO_COMMON_BLOCKS = YES;
				GCC_WARN_64_TO_32_BIT_CONVERSION = YES;
				GCC_WARN_ABOUT_RETURN_TYPE = YES_ERROR;
				GCC_WARN_UNDECLARED_SELECTOR = YES;
				GCC_WARN_UNINITIALIZED_AUTOS = YES_AGGRESSIVE;
				GCC_WARN_UNUSED_FUNCTION = YES;
				GCC_WARN_UNUSED_VARIABLE = YES;
				IPHONEOS_DEPLOYMENT_TARGET = 11.3;
				MTL_ENABLE_DEBUG_INFO = NO;
				SDKROOT = iphoneos;
				SWIFT_COMPILATION_MODE = wholemodule;
				SWIFT_OPTIMIZATION_LEVEL = "-O";
				VALIDATE_PRODUCT = YES;
			};
			name = Release;
		};
		14A716E0211EEEB0009449ED /* Debug */ = {
			isa = XCBuildConfiguration;
			baseConfigurationReference = 8C0F7140FBA324A8670A7E66 /* Pods-RXSwiftPlayground.debug.xcconfig */;
			buildSettings = {
				ASSETCATALOG_COMPILER_APPICON_NAME = AppIcon;
				CODE_SIGN_STYLE = Automatic;
				INFOPLIST_FILE = RXSwiftPlayground/Info.plist;
				LD_RUNPATH_SEARCH_PATHS = (
					"$(inherited)",
					"@executable_path/Frameworks",
				);
				PRODUCT_BUNDLE_IDENTIFIER = com.venkat.RXSwiftPlayground;
				PRODUCT_NAME = "$(TARGET_NAME)";
				SWIFT_VERSION = 4.0;
				TARGETED_DEVICE_FAMILY = "1,2";
			};
			name = Debug;
		};
		14A716E1211EEEB0009449ED /* Release */ = {
			isa = XCBuildConfiguration;
			baseConfigurationReference = 445BE722B7FB414479925EEB /* Pods-RXSwiftPlayground.release.xcconfig */;
			buildSettings = {
				ASSETCATALOG_COMPILER_APPICON_NAME = AppIcon;
				CODE_SIGN_STYLE = Automatic;
				INFOPLIST_FILE = RXSwiftPlayground/Info.plist;
				LD_RUNPATH_SEARCH_PATHS = (
					"$(inherited)",
					"@executable_path/Frameworks",
				);
				PRODUCT_BUNDLE_IDENTIFIER = com.venkat.RXSwiftPlayground;
				PRODUCT_NAME = "$(TARGET_NAME)";
				SWIFT_VERSION = 4.0;
				TARGETED_DEVICE_FAMILY = "1,2";
			};
			name = Release;
		};
/* End XCBuildConfiguration section */

/* Begin XCConfigurationList section */
		14A716C8211EEEA3009449ED /* Build configuration list for PBXProject "RXSwiftPlayground" */ = {
			isa = XCConfigurationList;
			buildConfigurations = (
				14A716DD211EEEB0009449ED /* Debug */,
				14A716DE211EEEB0009449ED /* Release */,
			);
			defaultConfigurationIsVisible = 0;
			defaultConfigurationName = Release;
		};
		14A716DF211EEEB0009449ED /* Build configuration list for PBXNativeTarget "RXSwiftPlayground" */ = {
			isa = XCConfigurationList;
			buildConfigurations = (
				14A716E0211EEEB0009449ED /* Debug */,
				14A716E1211EEEB0009449ED /* Release */,
			);
			defaultConfigurationIsVisible = 0;
			defaultConfigurationName = Release;
		};
/* End XCConfigurationList section */
	};
	rootObject = 14A716C5211EEEA3009449ED /* Project object */;
}
